// !$*UTF8*$!
{
	archiveVersion = 1;
	classes = {
	};
	objectVersion = 46;
	objects = {

/* Begin PBXBuildFile section */
		343EED711D38259700F39D5B /* AppDelegate.swift in Sources */ = {isa = PBXBuildFile; fileRef = 343EED701D38259700F39D5B /* AppDelegate.swift */; };
		343EED731D38259700F39D5B /* ViewController.swift in Sources */ = {isa = PBXBuildFile; fileRef = 343EED721D38259700F39D5B /* ViewController.swift */; };
		343EED761D38259700F39D5B /* Main.storyboard in Resources */ = {isa = PBXBuildFile; fileRef = 343EED741D38259700F39D5B /* Main.storyboard */; };
		343EED781D38259700F39D5B /* Assets.xcassets in Resources */ = {isa = PBXBuildFile; fileRef = 343EED771D38259700F39D5B /* Assets.xcassets */; };
		343EED7B1D38259700F39D5B /* LaunchScreen.storyboard in Resources */ = {isa = PBXBuildFile; fileRef = 343EED791D38259700F39D5B /* LaunchScreen.storyboard */; };
		343EED831D38311C00F39D5B /* GraphView.swift in Sources */ = {isa = PBXBuildFile; fileRef = 343EED821D38311C00F39D5B /* GraphView.swift */; };
/* End PBXBuildFile section */

/* Begin PBXFileReference section */
		343EED6D1D38259700F39D5B /* Pedometer++.app */ = {isa = PBXFileReference; explicitFileType = wrapper.application; includeInIndex = 0; path = "Pedometer++.app"; sourceTree = BUILT_PRODUCTS_DIR; };
		343EED701D38259700F39D5B /* AppDelegate.swift */ = {isa = PBXFileReference; lastKnownFileType = sourcecode.swift; path = AppDelegate.swift; sourceTree = "<group>"; };
		343EED721D38259700F39D5B /* ViewController.swift */ = {isa = PBXFileReference; lastKnownFileType = sourcecode.swift; path = ViewController.swift; sourceTree = "<group>"; };
		343EED751D38259700F39D5B /* Base */ = {isa = PBXFileReference; lastKnownFileType = file.storyboard; name = Base; path = Base.lproj/Main.storyboard; sourceTree = "<group>"; };
		343EED771D38259700F39D5B /* Assets.xcassets */ = {isa = PBXFileReference; lastKnownFileType = folder.assetcatalog; path = Assets.xcassets; sourceTree = "<group>"; };
		343EED7A1D38259700F39D5B /* Base */ = {isa = PBXFileReference; lastKnownFileType = file.storyboard; name = Base; path = Base.lproj/LaunchScreen.storyboard; sourceTree = "<group>"; };
		343EED7C1D38259700F39D5B /* Info.plist */ = {isa = PBXFileReference; lastKnownFileType = text.plist.xml; path = Info.plist; sourceTree = "<group>"; };
		343EED821D38311C00F39D5B /* GraphView.swift */ = {isa = PBXFileReference; fileEncoding = 4; lastKnownFileType = sourcecode.swift; path = GraphView.swift; sourceTree = "<group>"; };
/* End PBXFileReference section */

/* Begin PBXFrameworksBuildPhase section */
		343EED6A1D38259700F39D5B /* Frameworks */ = {
			isa = PBXFrameworksBuildPhase;
			buildActionMask = 2147483647;
			files = (
			);
			runOnlyForDeploymentPostprocessing = 0;
		};
/* End PBXFrameworksBuildPhase section */

/* Begin PBXGroup section */
		343EED641D38259700F39D5B = {
			isa = PBXGroup;
			children = (
				343EED6F1D38259700F39D5B /* Pedometer++ */,
				343EED6E1D38259700F39D5B /* Products */,
			);
			sourceTree = "<group>";
		};
		343EED6E1D38259700F39D5B /* Products */ = {
			isa = PBXGroup;
			children = (
				343EED6D1D38259700F39D5B /* Pedometer++.app */,
			);
			name = Products;
			sourceTree = "<group>";
		};
		343EED6F1D38259700F39D5B /* Pedometer++ */ = {
			isa = PBXGroup;
			children = (
				343EED701D38259700F39D5B /* AppDelegate.swift */,
				343EED721D38259700F39D5B /* ViewController.swift */,
				343EED741D38259700F39D5B /* Main.storyboard */,
				343EED771D38259700F39D5B /* Assets.xcassets */,
				343EED791D38259700F39D5B /* LaunchScreen.storyboard */,
				343EED7C1D38259700F39D5B /* Info.plist */,
				343EED821D38311C00F39D5B /* GraphView.swift */,
			);
			path = "Pedometer++";
			sourceTree = "<group>";
		};
/* End PBXGroup section */

/* Begin PBXNativeTarget section */
		343EED6C1D38259700F39D5B /* Pedometer++ */ = {
			isa = PBXNativeTarget;
			buildConfigurationList = 343EED7F1D38259700F39D5B /* Build configuration list for PBXNativeTarget "Pedometer++" */;
			buildPhases = (
				343EED691D38259700F39D5B /* Sources */,
				343EED6A1D38259700F39D5B /* Frameworks */,
				343EED6B1D38259700F39D5B /* Resources */,
			);
			buildRules = (
			);
			dependencies = (
			);
			name = "Pedometer++";
			productName = "Pedometer++";
			productReference = 343EED6D1D38259700F39D5B /* Pedometer++.app */;
			productType = "com.apple.product-type.application";
		};
/* End PBXNativeTarget section */

/* Begin PBXProject section */
		343EED651D38259700F39D5B /* Project object */ = {
			isa = PBXProject;
			attributes = {
				LastSwiftUpdateCheck = 0730;
				LastUpgradeCheck = 0730;
				ORGANIZATIONNAME = "Mohammad Azam";
				TargetAttributes = {
					343EED6C1D38259700F39D5B = {
						CreatedOnToolsVersion = 7.3.1;
					};
				};
			};
			buildConfigurationList = 343EED681D38259700F39D5B /* Build configuration list for PBXProject "Pedometer++" */;
			compatibilityVersion = "Xcode 3.2";
			developmentRegion = English;
			hasScannedForEncodings = 0;
			knownRegions = (
				en,
				Base,
			);
			mainGroup = 343EED641D38259700F39D5B;
			productRefGroup = 343EED6E1D38259700F39D5B /* Products */;
			projectDirPath = "";
			projectRoot = "";
			targets = (
				343EED6C1D38259700F39D5B /* Pedometer++ */,
			);
		};
/* End PBXProject section */

/* Begin PBXResourcesBuildPhase section */
		343EED6B1D38259700F39D5B /* Resources */ = {
			isa = PBXResourcesBuildPhase;
			buildActionMask = 2147483647;
			files = (
				343EED7B1D38259700F39D5B /* LaunchScreen.storyboard in Resources */,
				343EED781D38259700F39D5B /* Assets.xcassets in Resources */,
				343EED761D38259700F39D5B /* Main.storyboard in Resources */,
			);
			runOnlyForDeploymentPostprocessing = 0;
		};
/* End PBXResourcesBuildPhase section */

/* Begin PBXSourcesBuildPhase section */
		343EED691D38259700F39D5B /* Sources */ = {
			isa = PBXSourcesBuildPhase;
			buildActionMask = 2147483647;
			files = (
				343EED731D38259700F39D5B /* ViewController.swift in Sources */,
				343EED711D38259700F39D5B /* AppDelegate.swift in Sources */,
				343EED831D38311C00F39D5B /* GraphView.swift in Sources */,
			);
			runOnlyForDeploymentPostprocessing = 0;
		};
/* End PBXSourcesBuildPhase section */

/* Begin PBXVariantGroup section */
		343EED741D38259700F39D5B /* Main.storyboard */ = {
			isa = PBXVariantGroup;
			children = (
				343EED751D38259700F39D5B /* Base */,
			);
			name = Main.storyboard;
			sourceTree = "<group>";
		};
		343EED791D38259700F39D5B /* LaunchScreen.storyboard */ = {
			isa = PBXVariantGroup;
			children = (
				343EED7A1D38259700F39D5B /* Base */,
			);
			name = LaunchScreen.storyboard;
			sourceTree = "<group>";
		};
/* End PBXVariantGroup section */

/* Begin XCBuildConfiguration section */
		343EED7D1D38259700F39D5B /* Debug */ = {
			isa = XCBuildConfiguration;
			buildSettings = {
				ALWAYS_SEARCH_USER_PATHS = NO;
				CLANG_ANALYZER_NONNULL = YES;
				CLANG_CXX_LANGUAGE_STANDARD = "gnu++0x";
				CLANG_CXX_LIBRARY = "libc++";
				CLANG_ENABLE_MODULES = YES;
				CLANG_ENABLE_OBJC_ARC = YES;
				CLANG_WARN_BOOL_CONVERSION = YES;
				CLANG_WARN_CONSTANT_CONVERSION = YES;
				CLANG_WARN_DIRECT_OBJC_ISA_USAGE = YES_ERROR;
				CLANG_WARN_EMPTY_BODY = YES;
				CLANG_WARN_ENUM_CONVERSION = YES;
				CLANG_WARN_INT_CONVERSION = YES;
				CLANG_WARN_OBJC_ROOT_CLASS = YES_ERROR;
				CLANG_WARN_UNREACHABLE_CODE = YES;
				CLANG_WARN__DUPLICATE_METHOD_MATCH = YES;
				"CODE_SIGN_IDENTITY[sdk=iphoneos*]" = "iPhone Developer";
				COPY_PHASE_STRIP = NO;
				DEBUG_INFORMATION_FORMAT = dwarf;
				ENABLE_STRICT_OBJC_MSGSEND = YES;
				ENABLE_TESTABILITY = YES;
				GCC_C_LANGUAGE_STANDARD = gnu99;
				GCC_DYNAMIC_NO_PIC = NO;
				GCC_NO_COMMON_BLOCKS = YES;
				GCC_OPTIMIZATION_LEVEL = 0;
				GCC_PREPROCESSOR_DEFINITIONS = (
					"DEBUG=1",
					"$(inherited)",
				);
				GCC_WARN_64_TO_32_BIT_CONVERSION = YES;
				GCC_WARN_ABOUT_RETURN_TYPE = YES_ERROR;
				GCC_WARN_UNDECLARED_SELECTOR = YES;
				GCC_WARN_UNINITIALIZED_AUTOS = YES_AGGRESSIVE;
				GCC_WARN_UNUSED_FUNCTION = YES;
				GCC_WARN_UNUSED_VARIABLE = YES;
				IPHONEOS_DEPLOYMENT_TARGET = 9.3;
				MTL_ENABLE_DEBUG_INFO = YES;
				ONLY_ACTIVE_ARCH = YES;
				SDKROOT = iphoneos;
				SWIFT_OPTIMIZATION_LEVEL = "-Onone";
				TARGETED_DEVICE_FAMILY = "1,2";
			};
			name = Debug;
		};
		343EED7E1D38259700F39D5B /* Release */ = {
			isa = XCBuildConfiguration;
			buildSettings = {
				ALWAYS_SEARCH_USER_PATHS = NO;
				CLANG_ANALYZER_NONNULL = YES;
				CLANG_CXX_LANGUAGE_STANDARD = "gnu++0x";
				CLANG_CXX_LIBRARY = "libc++";
				CLANG_ENABLE_MODULES = YES;
				CLANG_ENABLE_OBJC_ARC = YES;
				CLANG_WARN_BOOL_CONVERSION = YES;
				CLANG_WARN_CONSTANT_CONVERSION = YES;
				CLANG_WARN_DIRECT_OBJC_ISA_USAGE = YES_ERROR;
				CLANG_WARN_EMPTY_BODY = YES;
				CLANG_WARN_ENUM_CONVERSION = YES;
				CLANG_WARN_INT_CONVERSION = YES;
				CLANG_WARN_OBJC_ROOT_CLASS = YES_ERROR;
				CLANG_WARN_UNREACHABLE_CODE = YES;
				CLANG_WARN__DUPLICATE_METHOD_MATCH = YES;
				"CODE_SIGN_IDENTITY[sdk=iphoneos*]" = "iPhone Developer";
				COPY_PHASE_STRIP = NO;
				DEBUG_INFORMATION_FORMAT = "dwarf-with-dsym";
				ENABLE_NS_ASSERTIONS = NO;
				ENABLE_STRICT_OBJC_MSGSEND = YES;
				GCC_C_LANGUAGE_STANDARD = gnu99;
				GCC_NO_COMMON_BLOCKS = YES;
				GCC_WARN_64_TO_32_BIT_CONVERSION = YES;
				GCC_WARN_ABOUT_RETURN_TYPE = YES_ERROR;
				GCC_WARN_UNDECLARED_SELECTOR = YES;
				GCC_WARN_UNINITIALIZED_AUTOS = YES_AGGRESSIVE;
				GCC_WARN_UNUSED_FUNCTION = YES;
				GCC_WARN_UNUSED_VARIABLE = YES;
				IPHONEOS_DEPLOYMENT_TARGET = 9.3;
				MTL_ENABLE_DEBUG_INFO = NO;
				SDKROOT = iphoneos;
				TARGETED_DEVICE_FAMILY = "1,2";
				VALIDATE_PRODUCT = YES;
			};
			name = Release;
		};
		343EED801D38259700F39D5B /* Debug */ = {
			isa = XCBuildConfiguration;
			buildSettings = {
				ASSETCATALOG_COMPILER_APPICON_NAME = AppIcon;
				INFOPLIST_FILE = "Pedometer++/Info.plist";
				LD_RUNPATH_SEARCH_PATHS = "$(inherited) @executable_path/Frameworks";
				PRODUCT_BUNDLE_IDENTIFIER = "com.azamsharp.Pedometer--";
				PRODUCT_NAME = "$(TARGET_NAME)";
			};
			name = Debug;
		};
		343EED811D38259700F39D5B /* Release */ = {
			isa = XCBuildConfiguration;
			buildSettings = {
				ASSETCATALOG_COMPILER_APPICON_NAME = AppIcon;
				INFOPLIST_FILE = "Pedometer++/Info.plist";
				LD_RUNPATH_SEARCH_PATHS = "$(inherited) @executable_path/Frameworks";
				PRODUCT_BUNDLE_IDENTIFIER = "com.azamsharp.Pedometer--";
				PRODUCT_NAME = "$(TARGET_NAME)";
			};
			name = Release;
		};
/* End XCBuildConfiguration section */

/* Begin XCConfigurationList section */
		343EED681D38259700F39D5B /* Build configuration list for PBXProject "Pedometer++" */ = {
			isa = XCConfigurationList;
			buildConfigurations = (
				343EED7D1D38259700F39D5B /* Debug */,
				343EED7E1D38259700F39D5B /* Release */,
			);
			defaultConfigurationIsVisible = 0;
			defaultConfigurationName = Release;
		};
		343EED7F1D38259700F39D5B /* Build configuration list for PBXNativeTarget "Pedometer++" */ = {
			isa = XCConfigurationList;
			buildConfigurations = (
				343EED801D38259700F39D5B /* Debug */,
				343EED811D38259700F39D5B /* Release */,
			);
			defaultConfigurationIsVisible = 0;
		};
/* End XCConfigurationList section */
	};
	rootObject = 343EED651D38259700F39D5B /* Project object */;
}
